
Microsoft Visual Studio Solution File, Format Version 12.00
# Visual Studio Version 17
VisualStudioVersion = 17.8.34330.188
MinimumVisualStudioVersion = 10.0.40219.1
Project("{8BC9CEB8-8B4A-11D0-8D11-00A0C91BC942}") = "Projectcpp", "Projectcpp.vcxproj", "{B89DF767-0EBF-4106-9842-72872253E917}"
EndProject
Project("{8BC9CEB8-8B4A-11D0-8D11-00A0C91BC942}") = "Chapter 1 (input&output)", "..\chapter 1 (input&output)\chapter 1 (input&output).vcxproj", "{A380C58A-0252-4AC7-9276-F3ECC361D886}"
EndProject
Project("{8BC9CEB8-8B4A-11D0-8D11-00A0C91BC942}") = "ToyProject 1", "..\ToyProject 1\ToyProject 1.vcxproj", "{5BE44AE1-20FF-4C1B-802F-0316BE0C02F6}"
EndProject
Project("{8BC9CEB8-8B4A-11D0-8D11-00A0C91BC942}") = "Chapter 2 (Referrer)", "..\Chapter 2 (input&output2)\Chapter 2 (input&output2).vcxproj", "{E73FFFF4-AB17-465F-9187-468509F1A222}"
EndProject
Project("{8BC9CEB8-8B4A-11D0-8D11-00A0C91BC942}") = "Chapter 3 (Structure & Referrer)", "..\Chapter 3 (Structure & Referrer)\Chapter 3 (Structure & Referrer).vcxproj", "{60CE79B7-43F0-4B85-B07B-7F4050B9F78B}"
EndProject
Project("{8BC9CEB8-8B4A-11D0-8D11-00A0C91BC942}") = "Chapter 4 (Object Oriented Programming)", "..\Chapter 4 (Object Oriented Programming)\Chapter 4 (Object Oriented Programming).vcxproj", "{A0BA8969-DCB3-4E12-B51D-E36F79E86650}"
EndProject
Project("{8BC9CEB8-8B4A-11D0-8D11-00A0C91BC942}") = "Chapter 5 (Copy Data)", "..\Chapter 5 (Copy Data)\Chapter 5 (Copy Data).vcxproj", "{5234852B-28C3-484E-8C48-151BEA4C472B}"
EndProject
Project("{8BC9CEB8-8B4A-11D0-8D11-00A0C91BC942}") = "BattleSystem", "..\BattleSystem\BattleSystem.vcxproj", "{804F32F9-572B-492D-BE07-A687E50EE215}"
EndProject
Project("{8BC9CEB8-8B4A-11D0-8D11-00A0C91BC942}") = "Chapter 6 (Class)", "..\Chapter 6 (Class)\Chapter 6 (Class).vcxproj", "{05C8E659-A86B-4DB0-8D4C-3EA61039DAFB}"
EndProject
Project("{8BC9CEB8-8B4A-11D0-8D11-00A0C91BC942}") = "Chapter 7 (Class 4 Features)", "..\Chapter 7 (Class 4 Features)\Chapter 7 (Class 4 Features).vcxproj", "{13334A1E-EBEC-481B-B78B-8FA7259F8992}"
EndProject
Project("{8BC9CEB8-8B4A-11D0-8D11-00A0C91BC942}") = "Chapter 8 (Class 4 Features 2)", "..\Chapter 8 (Class 4 Features 2)\Chapter 8 (Class 4 Features 2).vcxproj", "{2CD769F2-8AE0-4459-8461-5B1FA8362A7C}"
EndProject
Project("{8BC9CEB8-8B4A-11D0-8D11-00A0C91BC942}") = "Chapter 9", "..\Chapter 9\Chapter 9.vcxproj", "{82A380CA-A7DF-454D-8A93-7B6D0E151CE9}"
EndProject
Project("{8BC9CEB8-8B4A-11D0-8D11-00A0C91BC942}") = "Chapter 10", "..\Chapter 10\Chapter 10.vcxproj", "{632BC19A-C283-43C6-B370-7C141F37F998}"
EndProject
Project("{8BC9CEB8-8B4A-11D0-8D11-00A0C91BC942}") = "Starcraft", "..\Starcraft\Starcraft.vcxproj", "{7DC9210D-D585-47C6-A871-294DA456FB24}"
EndProject
Global
	GlobalSection(SolutionConfigurationPlatforms) = preSolution
		Debug|x64 = Debug|x64
		Debug|x86 = Debug|x86
		Release|x64 = Release|x64
		Release|x86 = Release|x86
	EndGlobalSection
	GlobalSection(ProjectConfigurationPlatforms) = postSolution
		{B89DF767-0EBF-4106-9842-72872253E917}.Debug|x64.ActiveCfg = Debug|x64
		{B89DF767-0EBF-4106-9842-72872253E917}.Debug|x64.Build.0 = Debug|x64
		{B89DF767-0EBF-4106-9842-72872253E917}.Debug|x86.ActiveCfg = Debug|Win32
		{B89DF767-0EBF-4106-9842-72872253E917}.Debug|x86.Build.0 = Debug|Win32
		{B89DF767-0EBF-4106-9842-72872253E917}.Release|x64.ActiveCfg = Release|x64
		{B89DF767-0EBF-4106-9842-72872253E917}.Release|x64.Build.0 = Release|x64
		{B89DF767-0EBF-4106-9842-72872253E917}.Release|x86.ActiveCfg = Release|Win32
		{B89DF767-0EBF-4106-9842-72872253E917}.Release|x86.Build.0 = Release|Win32
		{A380C58A-0252-4AC7-9276-F3ECC361D886}.Debug|x64.ActiveCfg = Debug|x64
		{A380C58A-0252-4AC7-9276-F3ECC361D886}.Debug|x64.Build.0 = Debug|x64
		{A380C58A-0252-4AC7-9276-F3ECC361D886}.Debug|x86.ActiveCfg = Debug|Win32
		{A380C58A-0252-4AC7-9276-F3ECC361D886}.Debug|x86.Build.0 = Debug|Win32
		{A380C58A-0252-4AC7-9276-F3ECC361D886}.Release|x64.ActiveCfg = Release|x64
		{A380C58A-0252-4AC7-9276-F3ECC361D886}.Release|x64.Build.0 = Release|x64
		{A380C58A-0252-4AC7-9276-F3ECC361D886}.Release|x86.ActiveCfg = Release|Win32
		{A380C58A-0252-4AC7-9276-F3ECC361D886}.Release|x86.Build.0 = Release|Win32
		{5BE44AE1-20FF-4C1B-802F-0316BE0C02F6}.Debug|x64.ActiveCfg = Debug|x64
		{5BE44AE1-20FF-4C1B-802F-0316BE0C02F6}.Debug|x64.Build.0 = Debug|x64
		{5BE44AE1-20FF-4C1B-802F-0316BE0C02F6}.Debug|x86.ActiveCfg = Debug|Win32
		{5BE44AE1-20FF-4C1B-802F-0316BE0C02F6}.Debug|x86.Build.0 = Debug|Win32
		{5BE44AE1-20FF-4C1B-802F-0316BE0C02F6}.Release|x64.ActiveCfg = Release|x64
		{5BE44AE1-20FF-4C1B-802F-0316BE0C02F6}.Release|x64.Build.0 = Release|x64
		{5BE44AE1-20FF-4C1B-802F-0316BE0C02F6}.Release|x86.ActiveCfg = Release|Win32
		{5BE44AE1-20FF-4C1B-802F-0316BE0C02F6}.Release|x86.Build.0 = Release|Win32
		{E73FFFF4-AB17-465F-9187-468509F1A222}.Debug|x64.ActiveCfg = Debug|x64
		{E73FFFF4-AB17-465F-9187-468509F1A222}.Debug|x64.Build.0 = Debug|x64
		{E73FFFF4-AB17-465F-9187-468509F1A222}.Debug|x86.ActiveCfg = Debug|Win32
		{E73FFFF4-AB17-465F-9187-468509F1A222}.Debug|x86.Build.0 = Debug|Win32
		{E73FFFF4-AB17-465F-9187-468509F1A222}.Release|x64.ActiveCfg = Release|x64
		{E73FFFF4-AB17-465F-9187-468509F1A222}.Release|x64.Build.0 = Release|x64
		{E73FFFF4-AB17-465F-9187-468509F1A222}.Release|x86.ActiveCfg = Release|Win32
		{E73FFFF4-AB17-465F-9187-468509F1A222}.Release|x86.Build.0 = Release|Win32
		{60CE79B7-43F0-4B85-B07B-7F4050B9F78B}.Debug|x64.ActiveCfg = Debug|x64
		{60CE79B7-43F0-4B85-B07B-7F4050B9F78B}.Debug|x64.Build.0 = Debug|x64
		{60CE79B7-43F0-4B85-B07B-7F4050B9F78B}.Debug|x86.ActiveCfg = Debug|Win32
		{60CE79B7-43F0-4B85-B07B-7F4050B9F78B}.Debug|x86.Build.0 = Debug|Win32
		{60CE79B7-43F0-4B85-B07B-7F4050B9F78B}.Release|x64.ActiveCfg = Release|x64
		{60CE79B7-43F0-4B85-B07B-7F4050B9F78B}.Release|x64.Build.0 = Release|x64
		{60CE79B7-43F0-4B85-B07B-7F4050B9F78B}.Release|x86.ActiveCfg = Release|Win32
		{60CE79B7-43F0-4B85-B07B-7F4050B9F78B}.Release|x86.Build.0 = Release|Win32
		{A0BA8969-DCB3-4E12-B51D-E36F79E86650}.Debug|x64.ActiveCfg = Debug|x64
		{A0BA8969-DCB3-4E12-B51D-E36F79E86650}.Debug|x64.Build.0 = Debug|x64
		{A0BA8969-DCB3-4E12-B51D-E36F79E86650}.Debug|x86.ActiveCfg = Debug|Win32
		{A0BA8969-DCB3-4E12-B51D-E36F79E86650}.Debug|x86.Build.0 = Debug|Win32
		{A0BA8969-DCB3-4E12-B51D-E36F79E86650}.Release|x64.ActiveCfg = Release|x64
		{A0BA8969-DCB3-4E12-B51D-E36F79E86650}.Release|x64.Build.0 = Release|x64
		{A0BA8969-DCB3-4E12-B51D-E36F79E86650}.Release|x86.ActiveCfg = Release|Win32
		{A0BA8969-DCB3-4E12-B51D-E36F79E86650}.Release|x86.Build.0 = Release|Win32
		{5234852B-28C3-484E-8C48-151BEA4C472B}.Debug|x64.ActiveCfg = Debug|x64
		{5234852B-28C3-484E-8C48-151BEA4C472B}.Debug|x64.Build.0 = Debug|x64
		{5234852B-28C3-484E-8C48-151BEA4C472B}.Debug|x86.ActiveCfg = Debug|Win32
		{5234852B-28C3-484E-8C48-151BEA4C472B}.Debug|x86.Build.0 = Debug|Win32
		{5234852B-28C3-484E-8C48-151BEA4C472B}.Release|x64.ActiveCfg = Release|x64
		{5234852B-28C3-484E-8C48-151BEA4C472B}.Release|x64.Build.0 = Release|x64
		{5234852B-28C3-484E-8C48-151BEA4C472B}.Release|x86.ActiveCfg = Release|Win32
		{5234852B-28C3-484E-8C48-151BEA4C472B}.Release|x86.Build.0 = Release|Win32
		{804F32F9-572B-492D-BE07-A687E50EE215}.Debug|x64.ActiveCfg = Debug|x64
		{804F32F9-572B-492D-BE07-A687E50EE215}.Debug|x64.Build.0 = Debug|x64
		{804F32F9-572B-492D-BE07-A687E50EE215}.Debug|x86.ActiveCfg = Debug|Win32
		{804F32F9-572B-492D-BE07-A687E50EE215}.Debug|x86.Build.0 = Debug|Win32
		{804F32F9-572B-492D-BE07-A687E50EE215}.Release|x64.ActiveCfg = Release|x64
		{804F32F9-572B-492D-BE07-A687E50EE215}.Release|x64.Build.0 = Release|x64
		{804F32F9-572B-492D-BE07-A687E50EE215}.Release|x86.ActiveCfg = Release|Win32
		{804F32F9-572B-492D-BE07-A687E50EE215}.Release|x86.Build.0 = Release|Win32
		{05C8E659-A86B-4DB0-8D4C-3EA61039DAFB}.Debug|x64.ActiveCfg = Debug|x64
		{05C8E659-A86B-4DB0-8D4C-3EA61039DAFB}.Debug|x64.Build.0 = Debug|x64
		{05C8E659-A86B-4DB0-8D4C-3EA61039DAFB}.Debug|x86.ActiveCfg = Debug|Win32
		{05C8E659-A86B-4DB0-8D4C-3EA61039DAFB}.Debug|x86.Build.0 = Debug|Win32
		{05C8E659-A86B-4DB0-8D4C-3EA61039DAFB}.Release|x64.ActiveCfg = Release|x64
		{05C8E659-A86B-4DB0-8D4C-3EA61039DAFB}.Release|x64.Build.0 = Release|x64
		{05C8E659-A86B-4DB0-8D4C-3EA61039DAFB}.Release|x86.ActiveCfg = Release|Win32
		{05C8E659-A86B-4DB0-8D4C-3EA61039DAFB}.Release|x86.Build.0 = Release|Win32
		{13334A1E-EBEC-481B-B78B-8FA7259F8992}.Debug|x64.ActiveCfg = Debug|x64
		{13334A1E-EBEC-481B-B78B-8FA7259F8992}.Debug|x64.Build.0 = Debug|x64
		{13334A1E-EBEC-481B-B78B-8FA7259F8992}.Debug|x86.ActiveCfg = Debug|Win32
		{13334A1E-EBEC-481B-B78B-8FA7259F8992}.Debug|x86.Build.0 = Debug|Win32
		{13334A1E-EBEC-481B-B78B-8FA7259F8992}.Release|x64.ActiveCfg = Release|x64
		{13334A1E-EBEC-481B-B78B-8FA7259F8992}.Release|x64.Build.0 = Release|x64
		{13334A1E-EBEC-481B-B78B-8FA7259F8992}.Release|x86.ActiveCfg = Release|Win32
		{13334A1E-EBEC-481B-B78B-8FA7259F8992}.Release|x86.Build.0 = Release|Win32
		{2CD769F2-8AE0-4459-8461-5B1FA8362A7C}.Debug|x64.ActiveCfg = Debug|x64
		{2CD769F2-8AE0-4459-8461-5B1FA8362A7C}.Debug|x64.Build.0 = Debug|x64
		{2CD769F2-8AE0-4459-8461-5B1FA8362A7C}.Debug|x86.ActiveCfg = Debug|Win32
		{2CD769F2-8AE0-4459-8461-5B1FA8362A7C}.Debug|x86.Build.0 = Debug|Win32
		{2CD769F2-8AE0-4459-8461-5B1FA8362A7C}.Release|x64.ActiveCfg = Release|x64
		{2CD769F2-8AE0-4459-8461-5B1FA8362A7C}.Release|x64.Build.0 = Release|x64
		{2CD769F2-8AE0-4459-8461-5B1FA8362A7C}.Release|x86.ActiveCfg = Release|Win32
		{2CD769F2-8AE0-4459-8461-5B1FA8362A7C}.Release|x86.Build.0 = Release|Win32
		{82A380CA-A7DF-454D-8A93-7B6D0E151CE9}.Debug|x64.ActiveCfg = Debug|x64
		{82A380CA-A7DF-454D-8A93-7B6D0E151CE9}.Debug|x64.Build.0 = Debug|x64
		{82A380CA-A7DF-454D-8A93-7B6D0E151CE9}.Debug|x86.ActiveCfg = Debug|Win32
		{82A380CA-A7DF-454D-8A93-7B6D0E151CE9}.Debug|x86.Build.0 = Debug|Win32
		{82A380CA-A7DF-454D-8A93-7B6D0E151CE9}.Release|x64.ActiveCfg = Release|x64
		{82A380CA-A7DF-454D-8A93-7B6D0E151CE9}.Release|x64.Build.0 = Release|x64
		{82A380CA-A7DF-454D-8A93-7B6D0E151CE9}.Release|x86.ActiveCfg = Release|Win32
		{82A380CA-A7DF-454D-8A93-7B6D0E151CE9}.Release|x86.Build.0 = Release|Win32
		{632BC19A-C283-43C6-B370-7C141F37F998}.Debug|x64.ActiveCfg = Debug|x64
		{632BC19A-C283-43C6-B370-7C141F37F998}.Debug|x64.Build.0 = Debug|x64
		{632BC19A-C283-43C6-B370-7C141F37F998}.Debug|x86.ActiveCfg = Debug|Win32
		{632BC19A-C283-43C6-B370-7C141F37F998}.Debug|x86.Build.0 = Debug|Win32
		{632BC19A-C283-43C6-B370-7C141F37F998}.Release|x64.ActiveCfg = Release|x64
		{632BC19A-C283-43C6-B370-7C141F37F998}.Release|x64.Build.0 = Release|x64
		{632BC19A-C283-43C6-B370-7C141F37F998}.Release|x86.ActiveCfg = Release|Win32
		{632BC19A-C283-43C6-B370-7C141F37F998}.Release|x86.Build.0 = Release|Win32
		{7DC9210D-D585-47C6-A871-294DA456FB24}.Debug|x64.ActiveCfg = Debug|x64
		{7DC9210D-D585-47C6-A871-294DA456FB24}.Debug|x64.Build.0 = Debug|x64
		{7DC9210D-D585-47C6-A871-294DA456FB24}.Debug|x86.ActiveCfg = Debug|Win32
		{7DC9210D-D585-47C6-A871-294DA456FB24}.Debug|x86.Build.0 = Debug|Win32
		{7DC9210D-D585-47C6-A871-294DA456FB24}.Release|x64.ActiveCfg = Release|x64
		{7DC9210D-D585-47C6-A871-294DA456FB24}.Release|x64.Build.0 = Release|x64
		{7DC9210D-D585-47C6-A871-294DA456FB24}.Release|x86.ActiveCfg = Release|Win32
		{7DC9210D-D585-47C6-A871-294DA456FB24}.Release|x86.Build.0 = Release|Win32
	EndGlobalSection
	GlobalSection(SolutionProperties) = preSolution
		HideSolutionNode = FALSE
	EndGlobalSection
	GlobalSection(ExtensibilityGlobals) = postSolution
		SolutionGuid = {3B7A88D3-BF0B-43F5-906E-4D840EFF2B1D}
	EndGlobalSection
EndGlobal
