
Microsoft Visual Studio Solution File, Format Version 12.00
# Visual Studio Version 17
VisualStudioVersion = 17.8.34330.188
MinimumVisualStudioVersion = 10.0.40219.1
Project("{8BC9CEB8-8B4A-11D0-8D11-00A0C91BC942}") = "Projectcpp", "Projectcpp.vcxproj", "{B89DF767-0EBF-4106-9842-72872253E917}"
EndProject
Project("{8BC9CEB8-8B4A-11D0-8D11-00A0C91BC942}") = "chapter 1 (input&output)", "..\chapter 1 (input&output)\chapter 1 (input&output).vcxproj", "{A380C58A-0252-4AC7-9276-F3ECC361D886}"
EndProject
Project("{8BC9CEB8-8B4A-11D0-8D11-00A0C91BC942}") = "ToyProject 1", "..\ToyProject 1\ToyProject 1.vcxproj", "{5BE44AE1-20FF-4C1B-802F-0316BE0C02F6}"
EndProject
Project("{8BC9CEB8-8B4A-11D0-8D11-00A0C91BC942}") = "Chapter 2 (input&output2)", "..\Chapter 2 (input&output2)\Chapter 2 (input&output2).vcxproj", "{E73FFFF4-AB17-465F-9187-468509F1A222}"
EndProject
Global
	GlobalSection(SolutionConfigurationPlatforms) = preSolution
		Debug|x64 = Debug|x64
		Debug|x86 = Debug|x86
		Release|x64 = Release|x64
		Release|x86 = Release|x86
	EndGlobalSection
	GlobalSection(ProjectConfigurationPlatforms) = postSolution
		{B89DF767-0EBF-4106-9842-72872253E917}.Debug|x64.ActiveCfg = Debug|x64
		{B89DF767-0EBF-4106-9842-72872253E917}.Debug|x64.Build.0 = Debug|x64
		{B89DF767-0EBF-4106-9842-72872253E917}.Debug|x86.ActiveCfg = Debug|Win32
		{B89DF767-0EBF-4106-9842-72872253E917}.Debug|x86.Build.0 = Debug|Win32
		{B89DF767-0EBF-4106-9842-72872253E917}.Release|x64.ActiveCfg = Release|x64
		{B89DF767-0EBF-4106-9842-72872253E917}.Release|x64.Build.0 = Release|x64
		{B89DF767-0EBF-4106-9842-72872253E917}.Release|x86.ActiveCfg = Release|Win32
		{B89DF767-0EBF-4106-9842-72872253E917}.Release|x86.Build.0 = Release|Win32
		{A380C58A-0252-4AC7-9276-F3ECC361D886}.Debug|x64.ActiveCfg = Debug|x64
		{A380C58A-0252-4AC7-9276-F3ECC361D886}.Debug|x64.Build.0 = Debug|x64
		{A380C58A-0252-4AC7-9276-F3ECC361D886}.Debug|x86.ActiveCfg = Debug|Win32
		{A380C58A-0252-4AC7-9276-F3ECC361D886}.Debug|x86.Build.0 = Debug|Win32
		{A380C58A-0252-4AC7-9276-F3ECC361D886}.Release|x64.ActiveCfg = Release|x64
		{A380C58A-0252-4AC7-9276-F3ECC361D886}.Release|x64.Build.0 = Release|x64
		{A380C58A-0252-4AC7-9276-F3ECC361D886}.Release|x86.ActiveCfg = Release|Win32
		{A380C58A-0252-4AC7-9276-F3ECC361D886}.Release|x86.Build.0 = Release|Win32
		{5BE44AE1-20FF-4C1B-802F-0316BE0C02F6}.Debug|x64.ActiveCfg = Debug|x64
		{5BE44AE1-20FF-4C1B-802F-0316BE0C02F6}.Debug|x64.Build.0 = Debug|x64
		{5BE44AE1-20FF-4C1B-802F-0316BE0C02F6}.Debug|x86.ActiveCfg = Debug|Win32
		{5BE44AE1-20FF-4C1B-802F-0316BE0C02F6}.Debug|x86.Build.0 = Debug|Win32
		{5BE44AE1-20FF-4C1B-802F-0316BE0C02F6}.Release|x64.ActiveCfg = Release|x64
		{5BE44AE1-20FF-4C1B-802F-0316BE0C02F6}.Release|x64.Build.0 = Release|x64
		{5BE44AE1-20FF-4C1B-802F-0316BE0C02F6}.Release|x86.ActiveCfg = Release|Win32
		{5BE44AE1-20FF-4C1B-802F-0316BE0C02F6}.Release|x86.Build.0 = Release|Win32
		{E73FFFF4-AB17-465F-9187-468509F1A222}.Debug|x64.ActiveCfg = Debug|x64
		{E73FFFF4-AB17-465F-9187-468509F1A222}.Debug|x64.Build.0 = Debug|x64
		{E73FFFF4-AB17-465F-9187-468509F1A222}.Debug|x86.ActiveCfg = Debug|Win32
		{E73FFFF4-AB17-465F-9187-468509F1A222}.Debug|x86.Build.0 = Debug|Win32
		{E73FFFF4-AB17-465F-9187-468509F1A222}.Release|x64.ActiveCfg = Release|x64
		{E73FFFF4-AB17-465F-9187-468509F1A222}.Release|x64.Build.0 = Release|x64
		{E73FFFF4-AB17-465F-9187-468509F1A222}.Release|x86.ActiveCfg = Release|Win32
		{E73FFFF4-AB17-465F-9187-468509F1A222}.Release|x86.Build.0 = Release|Win32
	EndGlobalSection
	GlobalSection(SolutionProperties) = preSolution
		HideSolutionNode = FALSE
	EndGlobalSection
	GlobalSection(ExtensibilityGlobals) = postSolution
		SolutionGuid = {3B7A88D3-BF0B-43F5-906E-4D840EFF2B1D}
	EndGlobalSection
EndGlobal
